
Microsoft Visual Studio Solution File, Format Version 12.00
# Visual Studio Version 17
VisualStudioVersion = 17.9.34902.65
MinimumVisualStudioVersion = 10.0.40219.1
Project("{9A19103F-16F7-4668-BE54-9A1E7A4F7556}") = "WpfCalculator", "WpfCalculator\WpfCalculator.csproj", "{B26F3C94-A5CF-448A-A34E-CBC6C1BDB633}"
EndProject
Project("{9A19103F-16F7-4668-BE54-9A1E7A4F7556}") = "WpfCalculator.Specs", "WpfCalculator.Specs\WpfCalculator.Specs.csproj", "{EC5F13FB-7B94-4F0C-935A-DCE11F2E9C06}"
EndProject
Global
	GlobalSection(SolutionConfigurationPlatforms) = preSolution
		Debug|Any CPU = Debug|Any CPU
		Release|Any CPU = Release|Any CPU
	EndGlobalSection
	GlobalSection(ProjectConfigurationPlatforms) = postSolution
		{B26F3C94-A5CF-448A-A34E-CBC6C1BDB633}.Debug|Any CPU.ActiveCfg = Debug|Any CPU
		{B26F3C94-A5CF-448A-A34E-CBC6C1BDB633}.Debug|Any CPU.Build.0 = Debug|Any CPU
		{B26F3C94-A5CF-448A-A34E-CBC6C1BDB633}.Release|Any CPU.ActiveCfg = Release|Any CPU
		{B26F3C94-A5CF-448A-A34E-CBC6C1BDB633}.Release|Any CPU.Build.0 = Release|Any CPU
		{EC5F13FB-7B94-4F0C-935A-DCE11F2E9C06}.Debug|Any CPU.ActiveCfg = Debug|Any CPU
		{EC5F13FB-7B94-4F0C-935A-DCE11F2E9C06}.Debug|Any CPU.Build.0 = Debug|Any CPU
		{EC5F13FB-7B94-4F0C-935A-DCE11F2E9C06}.Release|Any CPU.ActiveCfg = Release|Any CPU
		{EC5F13FB-7B94-4F0C-935A-DCE11F2E9C06}.Release|Any CPU.Build.0 = Release|Any CPU
	EndGlobalSection
	GlobalSection(SolutionProperties) = preSolution
		HideSolutionNode = FALSE
	EndGlobalSection
	GlobalSection(ExtensibilityGlobals) = postSolution
		SolutionGuid = {49D1DCD4-F913-426E-BACD-DF4EEF833BD6}
	EndGlobalSection
EndGlobal
