<Solution>
  <Project Path="Reqnroll.Amp/Core/Reqnroll.Amp.Core.csproj" />
  <Project Path="Reqnroll.Amp/Win/Reqnroll.Amp.Win.csproj" />
  <Project Path="Wpf2Calculators.Specs/Wpf2Calculators.Specs.csproj" />
  <Project Path="WpfCalculator.Specs\WpfCalculator.Specs.csproj" />
  <Project Path="WpfCalculator\WpfCalculator.csproj" />
</Solution>
